// !$*UTF8*$!
{
	archiveVersion = 1;
	classes = {
	};
	objectVersion = 46;
	objects = {

/* Begin PBXBuildFile section */
		58E781071A1185DF0061C617 /* AppDelegate.swift in Sources */ = {isa = PBXBuildFile; fileRef = 58E781061A1185DF0061C617 /* AppDelegate.swift */; };
		58E781091A1185DF0061C617 /* ViewController.swift in Sources */ = {isa = PBXBuildFile; fileRef = 58E781081A1185DF0061C617 /* ViewController.swift */; };
		58E7810C1A1185DF0061C617 /* Main.storyboard in Resources */ = {isa = PBXBuildFile; fileRef = 58E7810A1A1185DF0061C617 /* Main.storyboard */; };
		58E7810E1A1185DF0061C617 /* Images.xcassets in Resources */ = {isa = PBXBuildFile; fileRef = 58E7810D1A1185DF0061C617 /* Images.xcassets */; };
		58E781111A1185DF0061C617 /* LaunchScreen.xib in Resources */ = {isa = PBXBuildFile; fileRef = 58E7810F1A1185DF0061C617 /* LaunchScreen.xib */; };
		58E7811D1A1185DF0061C617 /* hello_worldTests.swift in Sources */ = {isa = PBXBuildFile; fileRef = 58E7811C1A1185DF0061C617 /* hello_worldTests.swift */; };
/* End PBXBuildFile section */

/* Begin PBXContainerItemProxy section */
		58E781171A1185DF0061C617 /* PBXContainerItemProxy */ = {
			isa = PBXContainerItemProxy;
			containerPortal = 58E780F91A1185DF0061C617 /* Project object */;
			proxyType = 1;
			remoteGlobalIDString = 58E781001A1185DF0061C617;
			remoteInfo = hello_world;
		};
/* End PBXContainerItemProxy section */

/* Begin PBXFileReference section */
		58E781011A1185DF0061C617 /* hello_world.app */ = {isa = PBXFileReference; explicitFileType = wrapper.application; includeInIndex = 0; path = hello_world.app; sourceTree = BUILT_PRODUCTS_DIR; };
		58E781051A1185DF0061C617 /* Info.plist */ = {isa = PBXFileReference; lastKnownFileType = text.plist.xml; path = Info.plist; sourceTree = "<group>"; };
		58E781061A1185DF0061C617 /* AppDelegate.swift */ = {isa = PBXFileReference; lastKnownFileType = sourcecode.swift; path = AppDelegate.swift; sourceTree = "<group>"; };
		58E781081A1185DF0061C617 /* ViewController.swift */ = {isa = PBXFileReference; lastKnownFileType = sourcecode.swift; path = ViewController.swift; sourceTree = "<group>"; };
		58E7810B1A1185DF0061C617 /* Base */ = {isa = PBXFileReference; lastKnownFileType = file.storyboard; name = Base; path = Base.lproj/Main.storyboard; sourceTree = "<group>"; };
		58E7810D1A1185DF0061C617 /* Images.xcassets */ = {isa = PBXFileReference; lastKnownFileType = folder.assetcatalog; path = Images.xcassets; sourceTree = "<group>"; };
		58E781101A1185DF0061C617 /* Base */ = {isa = PBXFileReference; lastKnownFileType = file.xib; name = Base; path = Base.lproj/LaunchScreen.xib; sourceTree = "<group>"; };
		58E781161A1185DF0061C617 /* hello_worldTests.xctest */ = {isa = PBXFileReference; explicitFileType = wrapper.cfbundle; includeInIndex = 0; path = hello_worldTests.xctest; sourceTree = BUILT_PRODUCTS_DIR; };
		58E7811B1A1185DF0061C617 /* Info.plist */ = {isa = PBXFileReference; lastKnownFileType = text.plist.xml; path = Info.plist; sourceTree = "<group>"; };
		58E7811C1A1185DF0061C617 /* hello_worldTests.swift */ = {isa = PBXFileReference; lastKnownFileType = sourcecode.swift; path = hello_worldTests.swift; sourceTree = "<group>"; };
/* End PBXFileReference section */

/* Begin PBXFrameworksBuildPhase section */
		58E780FE1A1185DF0061C617 /* Frameworks */ = {
			isa = PBXFrameworksBuildPhase;
			buildActionMask = 2147483647;
			files = (
			);
			runOnlyForDeploymentPostprocessing = 0;
		};
		58E781131A1185DF0061C617 /* Frameworks */ = {
			isa = PBXFrameworksBuildPhase;
			buildActionMask = 2147483647;
			files = (
			);
			runOnlyForDeploymentPostprocessing = 0;
		};
/* End PBXFrameworksBuildPhase section */

/* Begin PBXGroup section */
		58E780F81A1185DF0061C617 = {
			isa = PBXGroup;
			children = (
				58E781031A1185DF0061C617 /* hello_world */,
				58E781191A1185DF0061C617 /* hello_worldTests */,
				58E781021A1185DF0061C617 /* Products */,
			);
			sourceTree = "<group>";
		};
		58E781021A1185DF0061C617 /* Products */ = {
			isa = PBXGroup;
			children = (
				58E781011A1185DF0061C617 /* hello_world.app */,
				58E781161A1185DF0061C617 /* hello_worldTests.xctest */,
			);
			name = Products;
			sourceTree = "<group>";
		};
		58E781031A1185DF0061C617 /* hello_world */ = {
			isa = PBXGroup;
			children = (
				58E781061A1185DF0061C617 /* AppDelegate.swift */,
				58E781081A1185DF0061C617 /* ViewController.swift */,
				58E7810A1A1185DF0061C617 /* Main.storyboard */,
				58E7810D1A1185DF0061C617 /* Images.xcassets */,
				58E7810F1A1185DF0061C617 /* LaunchScreen.xib */,
				58E781041A1185DF0061C617 /* Supporting Files */,
			);
			path = hello_world;
			sourceTree = "<group>";
		};
		58E781041A1185DF0061C617 /* Supporting Files */ = {
			isa = PBXGroup;
			children = (
				58E781051A1185DF0061C617 /* Info.plist */,
			);
			name = "Supporting Files";
			sourceTree = "<group>";
		};
		58E781191A1185DF0061C617 /* hello_worldTests */ = {
			isa = PBXGroup;
			children = (
				58E7811C1A1185DF0061C617 /* hello_worldTests.swift */,
				58E7811A1A1185DF0061C617 /* Supporting Files */,
			);
			path = hello_worldTests;
			sourceTree = "<group>";
		};
		58E7811A1A1185DF0061C617 /* Supporting Files */ = {
			isa = PBXGroup;
			children = (
				58E7811B1A1185DF0061C617 /* Info.plist */,
			);
			name = "Supporting Files";
			sourceTree = "<group>";
		};
/* End PBXGroup section */

/* Begin PBXNativeTarget section */
		58E781001A1185DF0061C617 /* hello_world */ = {
			isa = PBXNativeTarget;
			buildConfigurationList = 58E781201A1185DF0061C617 /* Build configuration list for PBXNativeTarget "hello_world" */;
			buildPhases = (
				58E780FD1A1185DF0061C617 /* Sources */,
				58E780FE1A1185DF0061C617 /* Frameworks */,
				58E780FF1A1185DF0061C617 /* Resources */,
			);
			buildRules = (
			);
			dependencies = (
			);
			name = hello_world;
			productName = hello_world;
			productReference = 58E781011A1185DF0061C617 /* hello_world.app */;
			productType = "com.apple.product-type.application";
		};
		58E781151A1185DF0061C617 /* hello_worldTests */ = {
			isa = PBXNativeTarget;
			buildConfigurationList = 58E781231A1185DF0061C617 /* Build configuration list for PBXNativeTarget "hello_worldTests" */;
			buildPhases = (
				58E781121A1185DF0061C617 /* Sources */,
				58E781131A1185DF0061C617 /* Frameworks */,
				58E781141A1185DF0061C617 /* Resources */,
			);
			buildRules = (
			);
			dependencies = (
				58E781181A1185DF0061C617 /* PBXTargetDependency */,
			);
			name = hello_worldTests;
			productName = hello_worldTests;
			productReference = 58E781161A1185DF0061C617 /* hello_worldTests.xctest */;
			productType = "com.apple.product-type.bundle.unit-test";
		};
/* End PBXNativeTarget section */

/* Begin PBXProject section */
		58E780F91A1185DF0061C617 /* Project object */ = {
			isa = PBXProject;
			attributes = {
				LastUpgradeCheck = 0610;
				ORGANIZATIONNAME = "Lee Ransom";
				TargetAttributes = {
					58E781001A1185DF0061C617 = {
						CreatedOnToolsVersion = 6.1;
					};
					58E781151A1185DF0061C617 = {
						CreatedOnToolsVersion = 6.1;
						TestTargetID = 58E781001A1185DF0061C617;
					};
				};
			};
			buildConfigurationList = 58E780FC1A1185DF0061C617 /* Build configuration list for PBXProject "hello_world" */;
			compatibilityVersion = "Xcode 3.2";
			developmentRegion = English;
			hasScannedForEncodings = 0;
			knownRegions = (
				en,
				Base,
			);
			mainGroup = 58E780F81A1185DF0061C617;
			productRefGroup = 58E781021A1185DF0061C617 /* Products */;
			projectDirPath = "";
			projectRoot = "";
			targets = (
				58E781001A1185DF0061C617 /* hello_world */,
				58E781151A1185DF0061C617 /* hello_worldTests */,
			);
		};
/* End PBXProject section */

/* Begin PBXResourcesBuildPhase section */
		58E780FF1A1185DF0061C617 /* Resources */ = {
			isa = PBXResourcesBuildPhase;
			buildActionMask = 2147483647;
			files = (
				58E7810C1A1185DF0061C617 /* Main.storyboard in Resources */,
				58E781111A1185DF0061C617 /* LaunchScreen.xib in Resources */,
				58E7810E1A1185DF0061C617 /* Images.xcassets in Resources */,
			);
			runOnlyForDeploymentPostprocessing = 0;
		};
		58E781141A1185DF0061C617 /* Resources */ = {
			isa = PBXResourcesBuildPhase;
			buildActionMask = 2147483647;
			files = (
			);
			runOnlyForDeploymentPostprocessing = 0;
		};
/* End PBXResourcesBuildPhase section */

/* Begin PBXSourcesBuildPhase section */
		58E780FD1A1185DF0061C617 /* Sources */ = {
			isa = PBXSourcesBuildPhase;
			buildActionMask = 2147483647;
			files = (
				58E781091A1185DF0061C617 /* ViewController.swift in Sources */,
				58E781071A1185DF0061C617 /* AppDelegate.swift in Sources */,
			);
			runOnlyForDeploymentPostprocessing = 0;
		};
		58E781121A1185DF0061C617 /* Sources */ = {
			isa = PBXSourcesBuildPhase;
			buildActionMask = 2147483647;
			files = (
				58E7811D1A1185DF0061C617 /* hello_worldTests.swift in Sources */,
			);
			runOnlyForDeploymentPostprocessing = 0;
		};
/* End PBXSourcesBuildPhase section */

/* Begin PBXTargetDependency section */
		58E781181A1185DF0061C617 /* PBXTargetDependency */ = {
			isa = PBXTargetDependency;
			target = 58E781001A1185DF0061C617 /* hello_world */;
			targetProxy = 58E781171A1185DF0061C617 /* PBXContainerItemProxy */;
		};
/* End PBXTargetDependency section */

/* Begin PBXVariantGroup section */
		58E7810A1A1185DF0061C617 /* Main.storyboard */ = {
			isa = PBXVariantGroup;
			children = (
				58E7810B1A1185DF0061C617 /* Base */,
			);
			name = Main.storyboard;
			sourceTree = "<group>";
		};
		58E7810F1A1185DF0061C617 /* LaunchScreen.xib */ = {
			isa = PBXVariantGroup;
			children = (
				58E781101A1185DF0061C617 /* Base */,
			);
			name = LaunchScreen.xib;
			sourceTree = "<group>";
		};
/* End PBXVariantGroup section */

/* Begin XCBuildConfiguration section */
		58E7811E1A1185DF0061C617 /* Debug */ = {
			isa = XCBuildConfiguration;
			buildSettings = {
				ALWAYS_SEARCH_USER_PATHS = NO;
				CLANG_CXX_LANGUAGE_STANDARD = "gnu++0x";
				CLANG_CXX_LIBRARY = "libc++";
				CLANG_ENABLE_MODULES = YES;
				CLANG_ENABLE_OBJC_ARC = YES;
				CLANG_WARN_BOOL_CONVERSION = YES;
				CLANG_WARN_CONSTANT_CONVERSION = YES;
				CLANG_WARN_DIRECT_OBJC_ISA_USAGE = YES_ERROR;
				CLANG_WARN_EMPTY_BODY = YES;
				CLANG_WARN_ENUM_CONVERSION = YES;
				CLANG_WARN_INT_CONVERSION = YES;
				CLANG_WARN_OBJC_ROOT_CLASS = YES_ERROR;
				CLANG_WARN_UNREACHABLE_CODE = YES;
				CLANG_WARN__DUPLICATE_METHOD_MATCH = YES;
				"CODE_SIGN_IDENTITY[sdk=iphoneos*]" = "iPhone Developer";
				COPY_PHASE_STRIP = NO;
				ENABLE_STRICT_OBJC_MSGSEND = YES;
				GCC_C_LANGUAGE_STANDARD = gnu99;
				GCC_DYNAMIC_NO_PIC = NO;
				GCC_OPTIMIZATION_LEVEL = 0;
				GCC_PREPROCESSOR_DEFINITIONS = (
					"DEBUG=1",
					"$(inherited)",
				);
				GCC_SYMBOLS_PRIVATE_EXTERN = NO;
				GCC_WARN_64_TO_32_BIT_CONVERSION = YES;
				GCC_WARN_ABOUT_RETURN_TYPE = YES_ERROR;
				GCC_WARN_UNDECLARED_SELECTOR = YES;
				GCC_WARN_UNINITIALIZED_AUTOS = YES_AGGRESSIVE;
				GCC_WARN_UNUSED_FUNCTION = YES;
				GCC_WARN_UNUSED_VARIABLE = YES;
				IPHONEOS_DEPLOYMENT_TARGET = 8.1;
				MTL_ENABLE_DEBUG_INFO = YES;
				ONLY_ACTIVE_ARCH = YES;
				SDKROOT = iphoneos;
				SWIFT_OPTIMIZATION_LEVEL = "-Onone";
			};
			name = Debug;
		};
		58E7811F1A1185DF0061C617 /* Release */ = {
			isa = XCBuildConfiguration;
			buildSettings = {
				ALWAYS_SEARCH_USER_PATHS = NO;
				CLANG_CXX_LANGUAGE_STANDARD = "gnu++0x";
				CLANG_CXX_LIBRARY = "libc++";
				CLANG_ENABLE_MODULES = YES;
				CLANG_ENABLE_OBJC_ARC = YES;
				CLANG_WARN_BOOL_CONVERSION = YES;
				CLANG_WARN_CONSTANT_CONVERSION = YES;
				CLANG_WARN_DIRECT_OBJC_ISA_USAGE = YES_ERROR;
				CLANG_WARN_EMPTY_BODY = YES;
				CLANG_WARN_ENUM_CONVERSION = YES;
				CLANG_WARN_INT_CONVERSION = YES;
				CLANG_WARN_OBJC_ROOT_CLASS = YES_ERROR;
				CLANG_WARN_UNREACHABLE_CODE = YES;
				CLANG_WARN__DUPLICATE_METHOD_MATCH = YES;
				"CODE_SIGN_IDENTITY[sdk=iphoneos*]" = "iPhone Developer";
				COPY_PHASE_STRIP = YES;
				ENABLE_NS_ASSERTIONS = NO;
				ENABLE_STRICT_OBJC_MSGSEND = YES;
				GCC_C_LANGUAGE_STANDARD = gnu99;
				GCC_WARN_64_TO_32_BIT_CONVERSION = YES;
				GCC_WARN_ABOUT_RETURN_TYPE = YES_ERROR;
				GCC_WARN_UNDECLARED_SELECTOR = YES;
				GCC_WARN_UNINITIALIZED_AUTOS = YES_AGGRESSIVE;
				GCC_WARN_UNUSED_FUNCTION = YES;
				GCC_WARN_UNUSED_VARIABLE = YES;
				IPHONEOS_DEPLOYMENT_TARGET = 8.1;
				MTL_ENABLE_DEBUG_INFO = NO;
				SDKROOT = iphoneos;
				VALIDATE_PRODUCT = YES;
			};
			name = Release;
		};
		58E781211A1185DF0061C617 /* Debug */ = {
			isa = XCBuildConfiguration;
			buildSettings = {
				ASSETCATALOG_COMPILER_APPICON_NAME = AppIcon;
				INFOPLIST_FILE = hello_world/Info.plist;
				LD_RUNPATH_SEARCH_PATHS = "$(inherited) @executable_path/Frameworks";
				PRODUCT_NAME = "$(TARGET_NAME)";
			};
			name = Debug;
		};
		58E781221A1185DF0061C617 /* Release */ = {
			isa = XCBuildConfiguration;
			buildSettings = {
				ASSETCATALOG_COMPILER_APPICON_NAME = AppIcon;
				INFOPLIST_FILE = hello_world/Info.plist;
				LD_RUNPATH_SEARCH_PATHS = "$(inherited) @executable_path/Frameworks";
				PRODUCT_NAME = "$(TARGET_NAME)";
			};
			name = Release;
		};
		58E781241A1185DF0061C617 /* Debug */ = {
			isa = XCBuildConfiguration;
			buildSettings = {
				BUNDLE_LOADER = "$(TEST_HOST)";
				FRAMEWORK_SEARCH_PATHS = (
					"$(SDKROOT)/Developer/Library/Frameworks",
					"$(inherited)",
				);
				GCC_PREPROCESSOR_DEFINITIONS = (
					"DEBUG=1",
					"$(inherited)",
				);
				INFOPLIST_FILE = hello_worldTests/Info.plist;
				LD_RUNPATH_SEARCH_PATHS = "$(inherited) @executable_path/Frameworks @loader_path/Frameworks";
				PRODUCT_NAME = "$(TARGET_NAME)";
				TEST_HOST = "$(BUILT_PRODUCTS_DIR)/hello_world.app/hello_world";
			};
			name = Debug;
		};
		58E781251A1185DF0061C617 /* Release */ = {
			isa = XCBuildConfiguration;
			buildSettings = {
				BUNDLE_LOADER = "$(TEST_HOST)";
				FRAMEWORK_SEARCH_PATHS = (
					"$(SDKROOT)/Developer/Library/Frameworks",
					"$(inherited)",
				);
				INFOPLIST_FILE = hello_worldTests/Info.plist;
				LD_RUNPATH_SEARCH_PATHS = "$(inherited) @executable_path/Frameworks @loader_path/Frameworks";
				PRODUCT_NAME = "$(TARGET_NAME)";
				TEST_HOST = "$(BUILT_PRODUCTS_DIR)/hello_world.app/hello_world";
			};
			name = Release;
		};
/* End XCBuildConfiguration section */

/* Begin XCConfigurationList section */
		58E780FC1A1185DF0061C617 /* Build configuration list for PBXProject "hello_world" */ = {
			isa = XCConfigurationList;
			buildConfigurations = (
				58E7811E1A1185DF0061C617 /* Debug */,
				58E7811F1A1185DF0061C617 /* Release */,
			);
			defaultConfigurationIsVisible = 0;
			defaultConfigurationName = Release;
		};
		58E781201A1185DF0061C617 /* Build configuration list for PBXNativeTarget "hello_world" */ = {
			isa = XCConfigurationList;
			buildConfigurations = (
				58E781211A1185DF0061C617 /* Debug */,
				58E781221A1185DF0061C617 /* Release */,
			);
			defaultConfigurationIsVisible = 0;
		};
		58E781231A1185DF0061C617 /* Build configuration list for PBXNativeTarget "hello_worldTests" */ = {
			isa = XCConfigurationList;
			buildConfigurations = (
				58E781241A1185DF0061C617 /* Debug */,
				58E781251A1185DF0061C617 /* Release */,
			);
			defaultConfigurationIsVisible = 0;
		};
/* End XCConfigurationList section */
	};
	rootObject = 58E780F91A1185DF0061C617 /* Project object */;
}
